
Microsoft Visual Studio Solution File, Format Version 12.00
# Visual Studio Version 17
VisualStudioVersion = 17.7.34024.191
MinimumVisualStudioVersion = 10.0.40219.1
Project("{FAE04EC0-301F-11D3-BF4B-00C04F79EFBC}") = "Ejercicio_25", "Ejercicio_25\Ejercicio_25.csproj", "{B217C878-8E45-4300-A34B-9E706E035D46}"
EndProject
Global
	GlobalSection(SolutionConfigurationPlatforms) = preSolution
		Debug|Any CPU = Debug|Any CPU
		Release|Any CPU = Release|Any CPU
	EndGlobalSection
	GlobalSection(ProjectConfigurationPlatforms) = postSolution
		{B217C878-8E45-4300-A34B-9E706E035D46}.Debug|Any CPU.ActiveCfg = Debug|Any CPU
		{B217C878-8E45-4300-A34B-9E706E035D46}.Debug|Any CPU.Build.0 = Debug|Any CPU
		{B217C878-8E45-4300-A34B-9E706E035D46}.Release|Any CPU.ActiveCfg = Release|Any CPU
		{B217C878-8E45-4300-A34B-9E706E035D46}.Release|Any CPU.Build.0 = Release|Any CPU
	EndGlobalSection
	GlobalSection(SolutionProperties) = preSolution
		HideSolutionNode = FALSE
	EndGlobalSection
	GlobalSection(ExtensibilityGlobals) = postSolution
		SolutionGuid = {34FF355B-D5F6-4CF7-A907-A08A8A1F467C}
	EndGlobalSection
EndGlobal
