
Microsoft Visual Studio Solution File, Format Version 12.00
# Visual Studio Version 17
VisualStudioVersion = 17.7.34024.191
MinimumVisualStudioVersion = 10.0.40219.1
Project("{FAE04EC0-301F-11D3-BF4B-00C04F79EFBC}") = "Luanda_toledo_pp_div_2c", "Luanda_toledo_pp_div_2c\Luanda_toledo_pp_div_2c.csproj", "{64AB8ED5-5CFB-46D4-A027-661F4B9070F9}"
EndProject
Project("{FAE04EC0-301F-11D3-BF4B-00C04F79EFBC}") = "Biblioteca", "Biblioteca\Biblioteca.csproj", "{C677029F-15AC-43A4-B9B2-8159F6BD26AB}"
EndProject
Global
	GlobalSection(SolutionConfigurationPlatforms) = preSolution
		Debug|Any CPU = Debug|Any CPU
		Release|Any CPU = Release|Any CPU
	EndGlobalSection
	GlobalSection(ProjectConfigurationPlatforms) = postSolution
		{64AB8ED5-5CFB-46D4-A027-661F4B9070F9}.Debug|Any CPU.ActiveCfg = Debug|Any CPU
		{64AB8ED5-5CFB-46D4-A027-661F4B9070F9}.Debug|Any CPU.Build.0 = Debug|Any CPU
		{64AB8ED5-5CFB-46D4-A027-661F4B9070F9}.Release|Any CPU.ActiveCfg = Release|Any CPU
		{64AB8ED5-5CFB-46D4-A027-661F4B9070F9}.Release|Any CPU.Build.0 = Release|Any CPU
		{C677029F-15AC-43A4-B9B2-8159F6BD26AB}.Debug|Any CPU.ActiveCfg = Debug|Any CPU
		{C677029F-15AC-43A4-B9B2-8159F6BD26AB}.Debug|Any CPU.Build.0 = Debug|Any CPU
		{C677029F-15AC-43A4-B9B2-8159F6BD26AB}.Release|Any CPU.ActiveCfg = Release|Any CPU
		{C677029F-15AC-43A4-B9B2-8159F6BD26AB}.Release|Any CPU.Build.0 = Release|Any CPU
	EndGlobalSection
	GlobalSection(SolutionProperties) = preSolution
		HideSolutionNode = FALSE
	EndGlobalSection
	GlobalSection(ExtensibilityGlobals) = postSolution
		SolutionGuid = {046A58AD-FCED-404D-85CC-F59D50264BD2}
	EndGlobalSection
EndGlobal
