
Microsoft Visual Studio Solution File, Format Version 12.00
# Visual Studio Version 17
VisualStudioVersion = 17.7.34024.191
MinimumVisualStudioVersion = 10.0.40219.1
Project("{FAE04EC0-301F-11D3-BF4B-00C04F79EFBC}") = "Ejercicio_42", "Ejercicio_42\Ejercicio_42.csproj", "{AEC09F0A-D4B6-4B96-B9E8-993340F0A889}"
EndProject
Project("{FAE04EC0-301F-11D3-BF4B-00C04F79EFBC}") = "Biblioteca", "Biblioteca\Biblioteca.csproj", "{8227D100-5EFD-4EC1-9582-DD208FDED769}"
EndProject
Global
	GlobalSection(SolutionConfigurationPlatforms) = preSolution
		Debug|Any CPU = Debug|Any CPU
		Release|Any CPU = Release|Any CPU
	EndGlobalSection
	GlobalSection(ProjectConfigurationPlatforms) = postSolution
		{AEC09F0A-D4B6-4B96-B9E8-993340F0A889}.Debug|Any CPU.ActiveCfg = Debug|Any CPU
		{AEC09F0A-D4B6-4B96-B9E8-993340F0A889}.Debug|Any CPU.Build.0 = Debug|Any CPU
		{AEC09F0A-D4B6-4B96-B9E8-993340F0A889}.Release|Any CPU.ActiveCfg = Release|Any CPU
		{AEC09F0A-D4B6-4B96-B9E8-993340F0A889}.Release|Any CPU.Build.0 = Release|Any CPU
		{8227D100-5EFD-4EC1-9582-DD208FDED769}.Debug|Any CPU.ActiveCfg = Debug|Any CPU
		{8227D100-5EFD-4EC1-9582-DD208FDED769}.Debug|Any CPU.Build.0 = Debug|Any CPU
		{8227D100-5EFD-4EC1-9582-DD208FDED769}.Release|Any CPU.ActiveCfg = Release|Any CPU
		{8227D100-5EFD-4EC1-9582-DD208FDED769}.Release|Any CPU.Build.0 = Release|Any CPU
	EndGlobalSection
	GlobalSection(SolutionProperties) = preSolution
		HideSolutionNode = FALSE
	EndGlobalSection
	GlobalSection(ExtensibilityGlobals) = postSolution
		SolutionGuid = {E4CEF52A-2AD6-4F3A-80E4-1D8823A08922}
	EndGlobalSection
EndGlobal
