
Microsoft Visual Studio Solution File, Format Version 12.00
# Visual Studio Version 17
VisualStudioVersion = 17.7.34024.191
MinimumVisualStudioVersion = 10.0.40219.1
Project("{FAE04EC0-301F-11D3-BF4B-00C04F79EFBC}") = "Ejercicio_27", "Ejercicio_27\Ejercicio_27.csproj", "{8B572281-AEAE-476B-A747-601C79D934D9}"
EndProject
Global
	GlobalSection(SolutionConfigurationPlatforms) = preSolution
		Debug|Any CPU = Debug|Any CPU
		Release|Any CPU = Release|Any CPU
	EndGlobalSection
	GlobalSection(ProjectConfigurationPlatforms) = postSolution
		{8B572281-AEAE-476B-A747-601C79D934D9}.Debug|Any CPU.ActiveCfg = Debug|Any CPU
		{8B572281-AEAE-476B-A747-601C79D934D9}.Debug|Any CPU.Build.0 = Debug|Any CPU
		{8B572281-AEAE-476B-A747-601C79D934D9}.Release|Any CPU.ActiveCfg = Release|Any CPU
		{8B572281-AEAE-476B-A747-601C79D934D9}.Release|Any CPU.Build.0 = Release|Any CPU
	EndGlobalSection
	GlobalSection(SolutionProperties) = preSolution
		HideSolutionNode = FALSE
	EndGlobalSection
	GlobalSection(ExtensibilityGlobals) = postSolution
		SolutionGuid = {EE0F7699-3751-4817-9187-31B301A99C73}
	EndGlobalSection
EndGlobal
