
Microsoft Visual Studio Solution File, Format Version 12.00
# Visual Studio Version 17
VisualStudioVersion = 17.7.34024.191
MinimumVisualStudioVersion = 10.0.40219.1
Project("{FAE04EC0-301F-11D3-BF4B-00C04F79EFBC}") = "Ejercicio_15", "Ejercicio_15\Ejercicio_15.csproj", "{8CF7229A-F993-4F7A-B10E-3BC081CC40B4}"
EndProject
Project("{FAE04EC0-301F-11D3-BF4B-00C04F79EFBC}") = "Biblioteca", "Biblioteca\Biblioteca.csproj", "{268F8E47-25CD-4AEF-957F-FB6100B6C1C0}"
EndProject
Global
	GlobalSection(SolutionConfigurationPlatforms) = preSolution
		Debug|Any CPU = Debug|Any CPU
		Release|Any CPU = Release|Any CPU
	EndGlobalSection
	GlobalSection(ProjectConfigurationPlatforms) = postSolution
		{8CF7229A-F993-4F7A-B10E-3BC081CC40B4}.Debug|Any CPU.ActiveCfg = Debug|Any CPU
		{8CF7229A-F993-4F7A-B10E-3BC081CC40B4}.Debug|Any CPU.Build.0 = Debug|Any CPU
		{8CF7229A-F993-4F7A-B10E-3BC081CC40B4}.Release|Any CPU.ActiveCfg = Release|Any CPU
		{8CF7229A-F993-4F7A-B10E-3BC081CC40B4}.Release|Any CPU.Build.0 = Release|Any CPU
		{268F8E47-25CD-4AEF-957F-FB6100B6C1C0}.Debug|Any CPU.ActiveCfg = Debug|Any CPU
		{268F8E47-25CD-4AEF-957F-FB6100B6C1C0}.Debug|Any CPU.Build.0 = Debug|Any CPU
		{268F8E47-25CD-4AEF-957F-FB6100B6C1C0}.Release|Any CPU.ActiveCfg = Release|Any CPU
		{268F8E47-25CD-4AEF-957F-FB6100B6C1C0}.Release|Any CPU.Build.0 = Release|Any CPU
	EndGlobalSection
	GlobalSection(SolutionProperties) = preSolution
		HideSolutionNode = FALSE
	EndGlobalSection
	GlobalSection(ExtensibilityGlobals) = postSolution
		SolutionGuid = {26E9DD43-7351-4984-A03E-9A240E1126FA}
	EndGlobalSection
EndGlobal
