
Microsoft Visual Studio Solution File, Format Version 12.00
# Visual Studio Version 17
VisualStudioVersion = 17.7.34024.191
MinimumVisualStudioVersion = 10.0.40219.1
Project("{FAE04EC0-301F-11D3-BF4B-00C04F79EFBC}") = "Ejercicio_39", "Ejercicio_39\Ejercicio_39.csproj", "{39F9D297-2321-49C5-8615-10F3C5037BC6}"
EndProject
Project("{FAE04EC0-301F-11D3-BF4B-00C04F79EFBC}") = "Biblioteca", "Biblioteca\Biblioteca.csproj", "{BC31785B-7B88-45E5-82F6-FEC65C5F2936}"
EndProject
Global
	GlobalSection(SolutionConfigurationPlatforms) = preSolution
		Debug|Any CPU = Debug|Any CPU
		Release|Any CPU = Release|Any CPU
	EndGlobalSection
	GlobalSection(ProjectConfigurationPlatforms) = postSolution
		{39F9D297-2321-49C5-8615-10F3C5037BC6}.Debug|Any CPU.ActiveCfg = Debug|Any CPU
		{39F9D297-2321-49C5-8615-10F3C5037BC6}.Debug|Any CPU.Build.0 = Debug|Any CPU
		{39F9D297-2321-49C5-8615-10F3C5037BC6}.Release|Any CPU.ActiveCfg = Release|Any CPU
		{39F9D297-2321-49C5-8615-10F3C5037BC6}.Release|Any CPU.Build.0 = Release|Any CPU
		{BC31785B-7B88-45E5-82F6-FEC65C5F2936}.Debug|Any CPU.ActiveCfg = Debug|Any CPU
		{BC31785B-7B88-45E5-82F6-FEC65C5F2936}.Debug|Any CPU.Build.0 = Debug|Any CPU
		{BC31785B-7B88-45E5-82F6-FEC65C5F2936}.Release|Any CPU.ActiveCfg = Release|Any CPU
		{BC31785B-7B88-45E5-82F6-FEC65C5F2936}.Release|Any CPU.Build.0 = Release|Any CPU
	EndGlobalSection
	GlobalSection(SolutionProperties) = preSolution
		HideSolutionNode = FALSE
	EndGlobalSection
	GlobalSection(ExtensibilityGlobals) = postSolution
		SolutionGuid = {66A9CFEA-A4B6-4A8B-B74C-9740381C1ED6}
	EndGlobalSection
EndGlobal
