
Microsoft Visual Studio Solution File, Format Version 12.00
# Visual Studio Version 17
VisualStudioVersion = 17.7.34024.191
MinimumVisualStudioVersion = 10.0.40219.1
Project("{FAE04EC0-301F-11D3-BF4B-00C04F79EFBC}") = "Ejercicio_29", "Ejercicio_29\Ejercicio_29.csproj", "{A5C07820-18F9-49C8-831D-987690DD026C}"
EndProject
Project("{FAE04EC0-301F-11D3-BF4B-00C04F79EFBC}") = "Biblioteca", "Biblioteca\Biblioteca.csproj", "{3833FBF8-E298-45B6-8429-D450A0B28683}"
EndProject
Global
	GlobalSection(SolutionConfigurationPlatforms) = preSolution
		Debug|Any CPU = Debug|Any CPU
		Release|Any CPU = Release|Any CPU
	EndGlobalSection
	GlobalSection(ProjectConfigurationPlatforms) = postSolution
		{A5C07820-18F9-49C8-831D-987690DD026C}.Debug|Any CPU.ActiveCfg = Debug|Any CPU
		{A5C07820-18F9-49C8-831D-987690DD026C}.Debug|Any CPU.Build.0 = Debug|Any CPU
		{A5C07820-18F9-49C8-831D-987690DD026C}.Release|Any CPU.ActiveCfg = Release|Any CPU
		{A5C07820-18F9-49C8-831D-987690DD026C}.Release|Any CPU.Build.0 = Release|Any CPU
		{3833FBF8-E298-45B6-8429-D450A0B28683}.Debug|Any CPU.ActiveCfg = Debug|Any CPU
		{3833FBF8-E298-45B6-8429-D450A0B28683}.Debug|Any CPU.Build.0 = Debug|Any CPU
		{3833FBF8-E298-45B6-8429-D450A0B28683}.Release|Any CPU.ActiveCfg = Release|Any CPU
		{3833FBF8-E298-45B6-8429-D450A0B28683}.Release|Any CPU.Build.0 = Release|Any CPU
	EndGlobalSection
	GlobalSection(SolutionProperties) = preSolution
		HideSolutionNode = FALSE
	EndGlobalSection
	GlobalSection(ExtensibilityGlobals) = postSolution
		SolutionGuid = {68590FF3-15AD-42F8-9D5C-A4E14B865BA6}
	EndGlobalSection
EndGlobal
