
Microsoft Visual Studio Solution File, Format Version 12.00
# Visual Studio Version 17
VisualStudioVersion = 17.7.34024.191
MinimumVisualStudioVersion = 10.0.40219.1
Project("{FAE04EC0-301F-11D3-BF4B-00C04F79EFBC}") = "Ejercicio_19", "Ejercicio_19\Ejercicio_19.csproj", "{EC3C575F-0AAF-45B2-8821-F44CAE1678C2}"
EndProject
Project("{FAE04EC0-301F-11D3-BF4B-00C04F79EFBC}") = "Biblioteca", "Biblioteca\Biblioteca.csproj", "{198BB655-4585-4733-9CB2-A189D8891C5B}"
EndProject
Global
	GlobalSection(SolutionConfigurationPlatforms) = preSolution
		Debug|Any CPU = Debug|Any CPU
		Release|Any CPU = Release|Any CPU
	EndGlobalSection
	GlobalSection(ProjectConfigurationPlatforms) = postSolution
		{EC3C575F-0AAF-45B2-8821-F44CAE1678C2}.Debug|Any CPU.ActiveCfg = Debug|Any CPU
		{EC3C575F-0AAF-45B2-8821-F44CAE1678C2}.Debug|Any CPU.Build.0 = Debug|Any CPU
		{EC3C575F-0AAF-45B2-8821-F44CAE1678C2}.Release|Any CPU.ActiveCfg = Release|Any CPU
		{EC3C575F-0AAF-45B2-8821-F44CAE1678C2}.Release|Any CPU.Build.0 = Release|Any CPU
		{198BB655-4585-4733-9CB2-A189D8891C5B}.Debug|Any CPU.ActiveCfg = Debug|Any CPU
		{198BB655-4585-4733-9CB2-A189D8891C5B}.Debug|Any CPU.Build.0 = Debug|Any CPU
		{198BB655-4585-4733-9CB2-A189D8891C5B}.Release|Any CPU.ActiveCfg = Release|Any CPU
		{198BB655-4585-4733-9CB2-A189D8891C5B}.Release|Any CPU.Build.0 = Release|Any CPU
	EndGlobalSection
	GlobalSection(SolutionProperties) = preSolution
		HideSolutionNode = FALSE
	EndGlobalSection
	GlobalSection(ExtensibilityGlobals) = postSolution
		SolutionGuid = {79B9E3B5-FD30-400D-8159-8FB03A48C843}
	EndGlobalSection
EndGlobal
