
Microsoft Visual Studio Solution File, Format Version 12.00
# Visual Studio Version 17
VisualStudioVersion = 17.7.34024.191
MinimumVisualStudioVersion = 10.0.40219.1
Project("{FAE04EC0-301F-11D3-BF4B-00C04F79EFBC}") = "Ejemplo_06", "Ejemplo_06\Ejemplo_06.csproj", "{E78056B6-A27C-4CEE-9526-67C62767299E}"
EndProject
Global
	GlobalSection(SolutionConfigurationPlatforms) = preSolution
		Debug|Any CPU = Debug|Any CPU
		Release|Any CPU = Release|Any CPU
	EndGlobalSection
	GlobalSection(ProjectConfigurationPlatforms) = postSolution
		{E78056B6-A27C-4CEE-9526-67C62767299E}.Debug|Any CPU.ActiveCfg = Debug|Any CPU
		{E78056B6-A27C-4CEE-9526-67C62767299E}.Debug|Any CPU.Build.0 = Debug|Any CPU
		{E78056B6-A27C-4CEE-9526-67C62767299E}.Release|Any CPU.ActiveCfg = Release|Any CPU
		{E78056B6-A27C-4CEE-9526-67C62767299E}.Release|Any CPU.Build.0 = Release|Any CPU
	EndGlobalSection
	GlobalSection(SolutionProperties) = preSolution
		HideSolutionNode = FALSE
	EndGlobalSection
	GlobalSection(ExtensibilityGlobals) = postSolution
		SolutionGuid = {22286F6A-D61C-4F87-BF9C-992D06BFC546}
	EndGlobalSection
EndGlobal
